
Microsoft Visual Studio Solution File, Format Version 12.00
# Visual Studio Version 17
VisualStudioVersion = 17.3.32825.248
MinimumVisualStudioVersion = 10.0.40219.1
Project("{9A19103F-16F7-4668-BE54-9A1E7A4F7556}") = "Week6StringsAndArrays", "Week6StringsAndArrays\Week6StringsAndArrays.csproj", "{54803013-41C0-4D4D-B6AE-5CD7229B9DAF}"
EndProject
Project("{FAE04EC0-301F-11D3-BF4B-00C04F79EFBC}") = "Arrays", "Arrays\Arrays.csproj", "{37C459D0-AC83-44E6-AC57-D008D8381EEB}"
EndProject
Project("{FAE04EC0-301F-11D3-BF4B-00C04F79EFBC}") = "NumberArrays", "NumberArrays\NumberArrays.csproj", "{C226070E-8183-4B4F-8EF9-E68D609CEFF3}"
EndProject
Project("{FAE04EC0-301F-11D3-BF4B-00C04F79EFBC}") = "RandomElement", "RandomElement\RandomElement.csproj", "{8558BA21-B3EC-4155-AC2B-025C4CA1C252}"
EndProject
Global
	GlobalSection(SolutionConfigurationPlatforms) = preSolution
		Debug|Any CPU = Debug|Any CPU
		Release|Any CPU = Release|Any CPU
	EndGlobalSection
	GlobalSection(ProjectConfigurationPlatforms) = postSolution
		{54803013-41C0-4D4D-B6AE-5CD7229B9DAF}.Debug|Any CPU.ActiveCfg = Debug|Any CPU
		{54803013-41C0-4D4D-B6AE-5CD7229B9DAF}.Debug|Any CPU.Build.0 = Debug|Any CPU
		{54803013-41C0-4D4D-B6AE-5CD7229B9DAF}.Release|Any CPU.ActiveCfg = Release|Any CPU
		{54803013-41C0-4D4D-B6AE-5CD7229B9DAF}.Release|Any CPU.Build.0 = Release|Any CPU
		{37C459D0-AC83-44E6-AC57-D008D8381EEB}.Debug|Any CPU.ActiveCfg = Debug|Any CPU
		{37C459D0-AC83-44E6-AC57-D008D8381EEB}.Debug|Any CPU.Build.0 = Debug|Any CPU
		{37C459D0-AC83-44E6-AC57-D008D8381EEB}.Release|Any CPU.ActiveCfg = Release|Any CPU
		{37C459D0-AC83-44E6-AC57-D008D8381EEB}.Release|Any CPU.Build.0 = Release|Any CPU
		{C226070E-8183-4B4F-8EF9-E68D609CEFF3}.Debug|Any CPU.ActiveCfg = Debug|Any CPU
		{C226070E-8183-4B4F-8EF9-E68D609CEFF3}.Debug|Any CPU.Build.0 = Debug|Any CPU
		{C226070E-8183-4B4F-8EF9-E68D609CEFF3}.Release|Any CPU.ActiveCfg = Release|Any CPU
		{C226070E-8183-4B4F-8EF9-E68D609CEFF3}.Release|Any CPU.Build.0 = Release|Any CPU
		{8558BA21-B3EC-4155-AC2B-025C4CA1C252}.Debug|Any CPU.ActiveCfg = Debug|Any CPU
		{8558BA21-B3EC-4155-AC2B-025C4CA1C252}.Debug|Any CPU.Build.0 = Debug|Any CPU
		{8558BA21-B3EC-4155-AC2B-025C4CA1C252}.Release|Any CPU.ActiveCfg = Release|Any CPU
		{8558BA21-B3EC-4155-AC2B-025C4CA1C252}.Release|Any CPU.Build.0 = Release|Any CPU
	EndGlobalSection
	GlobalSection(SolutionProperties) = preSolution
		HideSolutionNode = FALSE
	EndGlobalSection
	GlobalSection(ExtensibilityGlobals) = postSolution
		SolutionGuid = {ED797EB0-3DA6-429A-87E8-4B9FAE899B87}
	EndGlobalSection
EndGlobal
